<?xml version="1.0" encoding="utf-8"?>
<Project ToolsVersion="4.0" xmlns="http://schemas.microsoft.com/developer/msbuild/2003">
  <ItemGroup>
    <Filter Include="Source Files">
      <UniqueIdentifier>{4FC737F1-C7A5-4376-A066-2A32D752A2FF}</UniqueIdentifier>
      <Extensions>cpp;c;cc;cxx;c++;cppm;ixx;def;odl;idl;hpj;bat;asm;asmx</Extensions>
    </Filter>
    <Filter Include="Header Files">
      <UniqueIdentifier>{93995380-89BD-4b04-88EB-625FBE52EBFB}</UniqueIdentifier>
      <Extensions>h;hh;hpp;hxx;h++;hm;inl;inc;ipp;xsd</Extensions>
    </Filter>
  </ItemGroup>
  <ItemGroup>
    <ClCompile Include="Const20.cpp">
      <Filter>Source Files</Filter>
    </ClCompile>
    <ClCompile Include="TestRandom.cpp">
      <Filter>Source Files</Filter>
    </ClCompile>
    <ClCompile Include="TestString.cpp">
      <Filter>Source Files</Filter>
    </ClCompile>
    <ClCompile Include="TestValue.cpp">
      <Filter>Source Files</Filter>
    </ClCompile>
    <ClCompile Include="TestKeyGenerator.cpp">
      <Filter>Source Files</Filter>
    </ClCompile>
    <ClCompile Include="TestLinearGenerator.cpp">
      <Filter>Source Files</Filter>
    </ClCompile>
    <ClCompile Include="TestHash.cpp">
      <Filter>Source Files</Filter>
    </ClCompile>
  </ItemGroup>
  <ItemGroup>
    <ClInclude Include="ConstantString.h">
      <Filter>Header Files</Filter>
    </ClInclude>
    <ClInclude Include="ConstantValue.h">
      <Filter>Header Files</Filter>
    </ClInclude>
    <ClInclude Include="ConstantKeyGenerator.h">
      <Filter>Header Files</Filter>
    </ClInclude>
    <ClInclude Include="ConstantCipher.h">
      <Filter>Header Files</Filter>
    </ClInclude>
    <ClInclude Include="ConstantRandom.h">
      <Filter>Header Files</Filter>
    </ClInclude>
    <ClInclude Include="ConstantTime.h">
      <Filter>Header Files</Filter>
    </ClInclude>
    <ClInclude Include="ConstantMkTime.h">
      <Filter>Header Files</Filter>
    </ClInclude>
    <ClInclude Include="ConstantMersenne.h">
      <Filter>Header Files</Filter>
    </ClInclude>
    <ClInclude Include="ConstantDistribution.h">
      <Filter>Header Files</Filter>
    </ClInclude>
    <ClInclude Include="ConstantArray.h">
      <Filter>Header Files</Filter>
    </ClInclude>
    <ClInclude Include="ConstantHash.h">
      <Filter>Header Files</Filter>
    </ClInclude>
    <ClInclude Include="ConstantLinearGenerator.h">
      <Filter>Header Files</Filter>
    </ClInclude>
  </ItemGroup>
</Project>